
Microsoft Visual Studio Solution File, Format Version 12.00
# Visual Studio Version 17
VisualStudioVersion = 17.14.36705.20 d17.14
MinimumVisualStudioVersion = 10.0.40219.1
Project("{FAE04EC0-301F-11D3-BF4B-00C04F79EFBC}") = "ProjetUNO", "ProjetUNO.csproj", "{3BAB484C-3B47-4117-80BF-B81CE38BE410}"
EndProject
Global
	GlobalSection(SolutionConfigurationPlatforms) = preSolution
		Debug|Any CPU = Debug|Any CPU
		Release|Any CPU = Release|Any CPU
	EndGlobalSection
	GlobalSection(ProjectConfigurationPlatforms) = postSolution
		{3BAB484C-3B47-4117-80BF-B81CE38BE410}.Debug|Any CPU.ActiveCfg = Debug|Any CPU
		{3BAB484C-3B47-4117-80BF-B81CE38BE410}.Debug|Any CPU.Build.0 = Debug|Any CPU
		{3BAB484C-3B47-4117-80BF-B81CE38BE410}.Release|Any CPU.ActiveCfg = Release|Any CPU
		{3BAB484C-3B47-4117-80BF-B81CE38BE410}.Release|Any CPU.Build.0 = Release|Any CPU
	EndGlobalSection
	GlobalSection(SolutionProperties) = preSolution
		HideSolutionNode = FALSE
	EndGlobalSection
	GlobalSection(ExtensibilityGlobals) = postSolution
		SolutionGuid = {117EB4CD-46DC-4A80-AF59-E1CC864D60B2}
	EndGlobalSection
EndGlobal
